// !$*UTF8*$!
{
	archiveVersion = 1;
	classes = {
	};
	objectVersion = 56;
	objects = {

/* Begin PBXBuildFile section */
		938F1D122BF6517C00974243 /* Castle.swift in Sources */ = {isa = PBXBuildFile; fileRef = 938F1D112BF6517C00974243 /* Castle.swift */; };
		938F1D152BF6519B00974243 /* Zombie.swift in Sources */ = {isa = PBXBuildFile; fileRef = 938F1D142BF6519B00974243 /* Zombie.swift */; };
		938F1D192BF7303B00974243 /* ARManager.swift in Sources */ = {isa = PBXBuildFile; fileRef = 938F1D182BF7303B00974243 /* ARManager.swift */; };
		938F1D212BF7889700974243 /* MainView.swift in Sources */ = {isa = PBXBuildFile; fileRef = 938F1D202BF7889700974243 /* MainView.swift */; };
		938F1D232BF788BB00974243 /* Arrow.swift in Sources */ = {isa = PBXBuildFile; fileRef = 938F1D222BF788BB00974243 /* Arrow.swift */; };
		93E060A92BF4A99400B986CB /* AppDelegate.swift in Sources */ = {isa = PBXBuildFile; fileRef = 93E060A82BF4A99400B986CB /* AppDelegate.swift */; };
		93E060AB2BF4A99400B986CB /* art.scnassets in Resources */ = {isa = PBXBuildFile; fileRef = 93E060AA2BF4A99400B986CB /* art.scnassets */; };
		93E060AD2BF4A99400B986CB /* ViewController.swift in Sources */ = {isa = PBXBuildFile; fileRef = 93E060AC2BF4A99400B986CB /* ViewController.swift */; };
		93E060B02BF4A99400B986CB /* Base in Resources */ = {isa = PBXBuildFile; fileRef = 93E060AF2BF4A99400B986CB /* Base */; };
		93E060B22BF4A99600B986CB /* Assets.xcassets in Resources */ = {isa = PBXBuildFile; fileRef = 93E060B12BF4A99600B986CB /* Assets.xcassets */; };
		93F7DAC62BF90C270045A924 /* GameplayView.swift in Sources */ = {isa = PBXBuildFile; fileRef = 93F7DAC52BF90C270045A924 /* GameplayView.swift */; };
		93F7DAC82BF90C5D0045A924 /* ARViewContainer.swift in Sources */ = {isa = PBXBuildFile; fileRef = 93F7DAC72BF90C5D0045A924 /* ARViewContainer.swift */; };
/* End PBXBuildFile section */

/* Begin PBXFileReference section */
		938F1D112BF6517C00974243 /* Castle.swift */ = {isa = PBXFileReference; lastKnownFileType = sourcecode.swift; path = Castle.swift; sourceTree = "<group>"; };
		938F1D142BF6519B00974243 /* Zombie.swift */ = {isa = PBXFileReference; lastKnownFileType = sourcecode.swift; path = Zombie.swift; sourceTree = "<group>"; };
		938F1D182BF7303B00974243 /* ARManager.swift */ = {isa = PBXFileReference; lastKnownFileType = sourcecode.swift; path = ARManager.swift; sourceTree = "<group>"; };
		938F1D202BF7889700974243 /* MainView.swift */ = {isa = PBXFileReference; lastKnownFileType = sourcecode.swift; path = MainView.swift; sourceTree = "<group>"; };
		938F1D222BF788BB00974243 /* Arrow.swift */ = {isa = PBXFileReference; lastKnownFileType = sourcecode.swift; path = Arrow.swift; sourceTree = "<group>"; };
		93E060A52BF4A99400B986CB /* Nano2Challenge-2.app */ = {isa = PBXFileReference; explicitFileType = wrapper.application; includeInIndex = 0; path = "Nano2Challenge-2.app"; sourceTree = BUILT_PRODUCTS_DIR; };
		93E060A82BF4A99400B986CB /* AppDelegate.swift */ = {isa = PBXFileReference; lastKnownFileType = sourcecode.swift; path = AppDelegate.swift; sourceTree = "<group>"; };
		93E060AA2BF4A99400B986CB /* art.scnassets */ = {isa = PBXFileReference; lastKnownFileType = wrapper.scnassets; path = art.scnassets; sourceTree = "<group>"; };
		93E060AC2BF4A99400B986CB /* ViewController.swift */ = {isa = PBXFileReference; lastKnownFileType = sourcecode.swift; path = ViewController.swift; sourceTree = "<group>"; };
		93E060AF2BF4A99400B986CB /* Base */ = {isa = PBXFileReference; lastKnownFileType = file.storyboard; name = Base; path = Base.lproj/Main.storyboard; sourceTree = "<group>"; };
		93E060B12BF4A99600B986CB /* Assets.xcassets */ = {isa = PBXFileReference; lastKnownFileType = folder.assetcatalog; path = Assets.xcassets; sourceTree = "<group>"; };
		93F7DAC52BF90C270045A924 /* GameplayView.swift */ = {isa = PBXFileReference; lastKnownFileType = sourcecode.swift; path = GameplayView.swift; sourceTree = "<group>"; };
		93F7DAC72BF90C5D0045A924 /* ARViewContainer.swift */ = {isa = PBXFileReference; lastKnownFileType = sourcecode.swift; path = ARViewContainer.swift; sourceTree = "<group>"; };
/* End PBXFileReference section */

/* Begin PBXFrameworksBuildPhase section */
		93E060A22BF4A99400B986CB /* Frameworks */ = {
			isa = PBXFrameworksBuildPhase;
			buildActionMask = 2147483647;
			files = (
			);
			runOnlyForDeploymentPostprocessing = 0;
		};
/* End PBXFrameworksBuildPhase section */

/* Begin PBXGroup section */
		938F1D132BF6518500974243 /* SceneNode */ = {
			isa = PBXGroup;
			children = (
				938F1D112BF6517C00974243 /* Castle.swift */,
				938F1D142BF6519B00974243 /* Zombie.swift */,
				938F1D222BF788BB00974243 /* Arrow.swift */,
			);
			path = SceneNode;
			sourceTree = "<group>";
		};
		938F1D1D2BF7884D00974243 /* View */ = {
			isa = PBXGroup;
			children = (
				938F1D202BF7889700974243 /* MainView.swift */,
				93F7DAC52BF90C270045A924 /* GameplayView.swift */,
			);
			path = View;
			sourceTree = "<group>";
		};
		93E0609C2BF4A99400B986CB = {
			isa = PBXGroup;
			children = (
				93E060A72BF4A99400B986CB /* Nano2Challenge-2 */,
				93E060A62BF4A99400B986CB /* Products */,
			);
			sourceTree = "<group>";
		};
		93E060A62BF4A99400B986CB /* Products */ = {
			isa = PBXGroup;
			children = (
				93E060A52BF4A99400B986CB /* Nano2Challenge-2.app */,
			);
			name = Products;
			sourceTree = "<group>";
		};
		93E060A72BF4A99400B986CB /* Nano2Challenge-2 */ = {
			isa = PBXGroup;
			children = (
				93E060A82BF4A99400B986CB /* AppDelegate.swift */,
				93F7DAC42BF86C9C0045A924 /* Controls */,
				938F1D1D2BF7884D00974243 /* View */,
				93E060AA2BF4A99400B986CB /* art.scnassets */,
				938F1D132BF6518500974243 /* SceneNode */,
				93E060AE2BF4A99400B986CB /* Main.storyboard */,
				93E060B12BF4A99600B986CB /* Assets.xcassets */,
			);
			path = "Nano2Challenge-2";
			sourceTree = "<group>";
		};
		93F7DAC42BF86C9C0045A924 /* Controls */ = {
			isa = PBXGroup;
			children = (
				938F1D182BF7303B00974243 /* ARManager.swift */,
				93E060AC2BF4A99400B986CB /* ViewController.swift */,
				93F7DAC72BF90C5D0045A924 /* ARViewContainer.swift */,
			);
			path = Controls;
			sourceTree = "<group>";
		};
/* End PBXGroup section */

/* Begin PBXNativeTarget section */
		93E060A42BF4A99400B986CB /* Nano2Challenge-2 */ = {
			isa = PBXNativeTarget;
			buildConfigurationList = 93E060B52BF4A99600B986CB /* Build configuration list for PBXNativeTarget "Nano2Challenge-2" */;
			buildPhases = (
				93E060A12BF4A99400B986CB /* Sources */,
				93E060A22BF4A99400B986CB /* Frameworks */,
				93E060A32BF4A99400B986CB /* Resources */,
			);
			buildRules = (
			);
			dependencies = (
			);
			name = "Nano2Challenge-2";
			productName = "Nano2Challenge-2";
			productReference = 93E060A52BF4A99400B986CB /* Nano2Challenge-2.app */;
			productType = "com.apple.product-type.application";
		};
/* End PBXNativeTarget section */

/* Begin PBXProject section */
		93E0609D2BF4A99400B986CB /* Project object */ = {
			isa = PBXProject;
			attributes = {
				BuildIndependentTargetsInParallel = 1;
				LastSwiftUpdateCheck = 1530;
				LastUpgradeCheck = 1530;
				TargetAttributes = {
					93E060A42BF4A99400B986CB = {
						CreatedOnToolsVersion = 15.3;
					};
				};
			};
			buildConfigurationList = 93E060A02BF4A99400B986CB /* Build configuration list for PBXProject "Nano2Challenge-2" */;
			compatibilityVersion = "Xcode 14.0";
			developmentRegion = en;
			hasScannedForEncodings = 0;
			knownRegions = (
				en,
				Base,
			);
			mainGroup = 93E0609C2BF4A99400B986CB;
			productRefGroup = 93E060A62BF4A99400B986CB /* Products */;
			projectDirPath = "";
			projectRoot = "";
			targets = (
				93E060A42BF4A99400B986CB /* Nano2Challenge-2 */,
			);
		};
/* End PBXProject section */

/* Begin PBXResourcesBuildPhase section */
		93E060A32BF4A99400B986CB /* Resources */ = {
			isa = PBXResourcesBuildPhase;
			buildActionMask = 2147483647;
			files = (
				93E060AB2BF4A99400B986CB /* art.scnassets in Resources */,
				93E060B22BF4A99600B986CB /* Assets.xcassets in Resources */,
				93E060B02BF4A99400B986CB /* Base in Resources */,
			);
			runOnlyForDeploymentPostprocessing = 0;
		};
/* End PBXResourcesBuildPhase section */

/* Begin PBXSourcesBuildPhase section */
		93E060A12BF4A99400B986CB /* Sources */ = {
			isa = PBXSourcesBuildPhase;
			buildActionMask = 2147483647;
			files = (
				93F7DAC62BF90C270045A924 /* GameplayView.swift in Sources */,
				938F1D212BF7889700974243 /* MainView.swift in Sources */,
				938F1D122BF6517C00974243 /* Castle.swift in Sources */,
				938F1D152BF6519B00974243 /* Zombie.swift in Sources */,
				93E060AD2BF4A99400B986CB /* ViewController.swift in Sources */,
				93F7DAC82BF90C5D0045A924 /* ARViewContainer.swift in Sources */,
				938F1D232BF788BB00974243 /* Arrow.swift in Sources */,
				938F1D192BF7303B00974243 /* ARManager.swift in Sources */,
				93E060A92BF4A99400B986CB /* AppDelegate.swift in Sources */,
			);
			runOnlyForDeploymentPostprocessing = 0;
		};
/* End PBXSourcesBuildPhase section */

/* Begin PBXVariantGroup section */
		93E060AE2BF4A99400B986CB /* Main.storyboard */ = {
			isa = PBXVariantGroup;
			children = (
				93E060AF2BF4A99400B986CB /* Base */,
			);
			name = Main.storyboard;
			sourceTree = "<group>";
		};
/* End PBXVariantGroup section */

/* Begin XCBuildConfiguration section */
		93E060B32BF4A99600B986CB /* Debug */ = {
			isa = XCBuildConfiguration;
			buildSettings = {
				ALWAYS_SEARCH_USER_PATHS = NO;
				ASSETCATALOG_COMPILER_GENERATE_SWIFT_ASSET_SYMBOL_EXTENSIONS = YES;
				CLANG_ANALYZER_NONNULL = YES;
				CLANG_ANALYZER_NUMBER_OBJECT_CONVERSION = YES_AGGRESSIVE;
				CLANG_CXX_LANGUAGE_STANDARD = "gnu++20";
				CLANG_ENABLE_MODULES = YES;
				CLANG_ENABLE_OBJC_ARC = YES;
				CLANG_ENABLE_OBJC_WEAK = YES;
				CLANG_WARN_BLOCK_CAPTURE_AUTORELEASING = YES;
				CLANG_WARN_BOOL_CONVERSION = YES;
				CLANG_WARN_COMMA = YES;
				CLANG_WARN_CONSTANT_CONVERSION = YES;
				CLANG_WARN_DEPRECATED_OBJC_IMPLEMENTATIONS = YES;
				CLANG_WARN_DIRECT_OBJC_ISA_USAGE = YES_ERROR;
				CLANG_WARN_DOCUMENTATION_COMMENTS = YES;
				CLANG_WARN_EMPTY_BODY = YES;
				CLANG_WARN_ENUM_CONVERSION = YES;
				CLANG_WARN_INFINITE_RECURSION = YES;
				CLANG_WARN_INT_CONVERSION = YES;
				CLANG_WARN_NON_LITERAL_NULL_CONVERSION = YES;
				CLANG_WARN_OBJC_IMPLICIT_RETAIN_SELF = YES;
				CLANG_WARN_OBJC_LITERAL_CONVERSION = YES;
				CLANG_WARN_OBJC_ROOT_CLASS = YES_ERROR;
				CLANG_WARN_QUOTED_INCLUDE_IN_FRAMEWORK_HEADER = YES;
				CLANG_WARN_RANGE_LOOP_ANALYSIS = YES;
				CLANG_WARN_STRICT_PROTOTYPES = YES;
				CLANG_WARN_SUSPICIOUS_MOVE = YES;
				CLANG_WARN_UNGUARDED_AVAILABILITY = YES_AGGRESSIVE;
				CLANG_WARN_UNREACHABLE_CODE = YES;
				CLANG_WARN__DUPLICATE_METHOD_MATCH = YES;
				COPY_PHASE_STRIP = NO;
				DEBUG_INFORMATION_FORMAT = dwarf;
				ENABLE_STRICT_OBJC_MSGSEND = YES;
				ENABLE_TESTABILITY = YES;
				ENABLE_USER_SCRIPT_SANDBOXING = YES;
				GCC_C_LANGUAGE_STANDARD = gnu17;
				GCC_DYNAMIC_NO_PIC = NO;
				GCC_NO_COMMON_BLOCKS = YES;
				GCC_OPTIMIZATION_LEVEL = 0;
				GCC_PREPROCESSOR_DEFINITIONS = (
					"DEBUG=1",
					"$(inherited)",
				);
				GCC_WARN_64_TO_32_BIT_CONVERSION = YES;
				GCC_WARN_ABOUT_RETURN_TYPE = YES_ERROR;
				GCC_WARN_UNDECLARED_SELECTOR = YES;
				GCC_WARN_UNINITIALIZED_AUTOS = YES_AGGRESSIVE;
				GCC_WARN_UNUSED_FUNCTION = YES;
				GCC_WARN_UNUSED_VARIABLE = YES;
				IPHONEOS_DEPLOYMENT_TARGET = 17.5;
				LOCALIZATION_PREFERS_STRING_CATALOGS = YES;
				MTL_ENABLE_DEBUG_INFO = INCLUDE_SOURCE;
				MTL_FAST_MATH = YES;
				ONLY_ACTIVE_ARCH = YES;
				SDKROOT = iphoneos;
				SWIFT_ACTIVE_COMPILATION_CONDITIONS = "DEBUG $(inherited)";
				SWIFT_OPTIMIZATION_LEVEL = "-Onone";
			};
			name = Debug;
		};
		93E060B42BF4A99600B986CB /* Release */ = {
			isa = XCBuildConfiguration;
			buildSettings = {
				ALWAYS_SEARCH_USER_PATHS = NO;
				ASSETCATALOG_COMPILER_GENERATE_SWIFT_ASSET_SYMBOL_EXTENSIONS = YES;
				CLANG_ANALYZER_NONNULL = YES;
				CLANG_ANALYZER_NUMBER_OBJECT_CONVERSION = YES_AGGRESSIVE;
				CLANG_CXX_LANGUAGE_STANDARD = "gnu++20";
				CLANG_ENABLE_MODULES = YES;
				CLANG_ENABLE_OBJC_ARC = YES;
				CLANG_ENABLE_OBJC_WEAK = YES;
				CLANG_WARN_BLOCK_CAPTURE_AUTORELEASING = YES;
				CLANG_WARN_BOOL_CONVERSION = YES;
				CLANG_WARN_COMMA = YES;
				CLANG_WARN_CONSTANT_CONVERSION = YES;
				CLANG_WARN_DEPRECATED_OBJC_IMPLEMENTATIONS = YES;
				CLANG_WARN_DIRECT_OBJC_ISA_USAGE = YES_ERROR;
				CLANG_WARN_DOCUMENTATION_COMMENTS = YES;
				CLANG_WARN_EMPTY_BODY = YES;
				CLANG_WARN_ENUM_CONVERSION = YES;
				CLANG_WARN_INFINITE_RECURSION = YES;
				CLANG_WARN_INT_CONVERSION = YES;
				CLANG_WARN_NON_LITERAL_NULL_CONVERSION = YES;
				CLANG_WARN_OBJC_IMPLICIT_RETAIN_SELF = YES;
				CLANG_WARN_OBJC_LITERAL_CONVERSION = YES;
				CLANG_WARN_OBJC_ROOT_CLASS = YES_ERROR;
				CLANG_WARN_QUOTED_INCLUDE_IN_FRAMEWORK_HEADER = YES;
				CLANG_WARN_RANGE_LOOP_ANALYSIS = YES;
				CLANG_WARN_STRICT_PROTOTYPES = YES;
				CLANG_WARN_SUSPICIOUS_MOVE = YES;
				CLANG_WARN_UNGUARDED_AVAILABILITY = YES_AGGRESSIVE;
				CLANG_WARN_UNREACHABLE_CODE = YES;
				CLANG_WARN__DUPLICATE_METHOD_MATCH = YES;
				COPY_PHASE_STRIP = NO;
				DEBUG_INFORMATION_FORMAT = "dwarf-with-dsym";
				ENABLE_NS_ASSERTIONS = NO;
				ENABLE_STRICT_OBJC_MSGSEND = YES;
				ENABLE_USER_SCRIPT_SANDBOXING = YES;
				GCC_C_LANGUAGE_STANDARD = gnu17;
				GCC_NO_COMMON_BLOCKS = YES;
				GCC_WARN_64_TO_32_BIT_CONVERSION = YES;
				GCC_WARN_ABOUT_RETURN_TYPE = YES_ERROR;
				GCC_WARN_UNDECLARED_SELECTOR = YES;
				GCC_WARN_UNINITIALIZED_AUTOS = YES_AGGRESSIVE;
				GCC_WARN_UNUSED_FUNCTION = YES;
				GCC_WARN_UNUSED_VARIABLE = YES;
				IPHONEOS_DEPLOYMENT_TARGET = 17.5;
				LOCALIZATION_PREFERS_STRING_CATALOGS = YES;
				MTL_ENABLE_DEBUG_INFO = NO;
				MTL_FAST_MATH = YES;
				SDKROOT = iphoneos;
				SWIFT_COMPILATION_MODE = wholemodule;
				VALIDATE_PRODUCT = YES;
			};
			name = Release;
		};
		93E060B62BF4A99600B986CB /* Debug */ = {
			isa = XCBuildConfiguration;
			buildSettings = {
				ASSETCATALOG_COMPILER_APPICON_NAME = AppIcon;
				ASSETCATALOG_COMPILER_GLOBAL_ACCENT_COLOR_NAME = AccentColor;
				CODE_SIGN_STYLE = Automatic;
				CURRENT_PROJECT_VERSION = 1;
				DEVELOPMENT_TEAM = 2U62MM8G6X;
				GENERATE_INFOPLIST_FILE = YES;
				INFOPLIST_KEY_CFBundleDisplayName = "Castle Defenders: Undead Rising";
				INFOPLIST_KEY_LSApplicationCategoryType = "public.app-category.adventure-games";
				INFOPLIST_KEY_NSCameraUsageDescription = "";
				INFOPLIST_KEY_UIApplicationSupportsIndirectInputEvents = YES;
				INFOPLIST_KEY_UIMainStoryboardFile = Main;
				INFOPLIST_KEY_UIRequiredDeviceCapabilities = arkit;
				INFOPLIST_KEY_UIStatusBarHidden = YES;
				INFOPLIST_KEY_UISupportedInterfaceOrientations = "UIInterfaceOrientationLandscapeLeft UIInterfaceOrientationLandscapeRight";
				IPHONEOS_DEPLOYMENT_TARGET = 17.5;
				LD_RUNPATH_SEARCH_PATHS = (
					"$(inherited)",
					"@executable_path/Frameworks",
				);
				MARKETING_VERSION = 1.0;
				PRODUCT_BUNDLE_IDENTIFIER = "io.designcode.Nano2Challenge-2";
				PRODUCT_NAME = "$(TARGET_NAME)";
				SWIFT_EMIT_LOC_STRINGS = YES;
				SWIFT_VERSION = 5.0;
				TARGETED_DEVICE_FAMILY = "1,2";
			};
			name = Debug;
		};
		93E060B72BF4A99600B986CB /* Release */ = {
			isa = XCBuildConfiguration;
			buildSettings = {
				ASSETCATALOG_COMPILER_APPICON_NAME = AppIcon;
				ASSETCATALOG_COMPILER_GLOBAL_ACCENT_COLOR_NAME = AccentColor;
				CODE_SIGN_STYLE = Automatic;
				CURRENT_PROJECT_VERSION = 1;
				DEVELOPMENT_TEAM = 2U62MM8G6X;
				GENERATE_INFOPLIST_FILE = YES;
				INFOPLIST_KEY_CFBundleDisplayName = "Castle Defenders: Undead Rising";
				INFOPLIST_KEY_LSApplicationCategoryType = "public.app-category.adventure-games";
				INFOPLIST_KEY_NSCameraUsageDescription = "";
				INFOPLIST_KEY_UIApplicationSupportsIndirectInputEvents = YES;
				INFOPLIST_KEY_UIMainStoryboardFile = Main;
				INFOPLIST_KEY_UIRequiredDeviceCapabilities = arkit;
				INFOPLIST_KEY_UIStatusBarHidden = YES;
				INFOPLIST_KEY_UISupportedInterfaceOrientations = "UIInterfaceOrientationLandscapeLeft UIInterfaceOrientationLandscapeRight";
				IPHONEOS_DEPLOYMENT_TARGET = 17.5;
				LD_RUNPATH_SEARCH_PATHS = (
					"$(inherited)",
					"@executable_path/Frameworks",
				);
				MARKETING_VERSION = 1.0;
				PRODUCT_BUNDLE_IDENTIFIER = "io.designcode.Nano2Challenge-2";
				PRODUCT_NAME = "$(TARGET_NAME)";
				SWIFT_EMIT_LOC_STRINGS = YES;
				SWIFT_VERSION = 5.0;
				TARGETED_DEVICE_FAMILY = "1,2";
			};
			name = Release;
		};
/* End XCBuildConfiguration section */

/* Begin XCConfigurationList section */
		93E060A02BF4A99400B986CB /* Build configuration list for PBXProject "Nano2Challenge-2" */ = {
			isa = XCConfigurationList;
			buildConfigurations = (
				93E060B32BF4A99600B986CB /* Debug */,
				93E060B42BF4A99600B986CB /* Release */,
			);
			defaultConfigurationIsVisible = 0;
			defaultConfigurationName = Release;
		};
		93E060B52BF4A99600B986CB /* Build configuration list for PBXNativeTarget "Nano2Challenge-2" */ = {
			isa = XCConfigurationList;
			buildConfigurations = (
				93E060B62BF4A99600B986CB /* Debug */,
				93E060B72BF4A99600B986CB /* Release */,
			);
			defaultConfigurationIsVisible = 0;
			defaultConfigurationName = Release;
		};
/* End XCConfigurationList section */
	};
	rootObject = 93E0609D2BF4A99400B986CB /* Project object */;
}
